
Microsoft Visual Studio Solution File, Format Version 12.00
# Visual Studio 15
VisualStudioVersion = 15.0.28010.2050
MinimumVisualStudioVersion = 10.0.40219.1
Project("{9A19103F-16F7-4668-BE54-9A1E7A4F7556}") = "WebClient", "WebClient\WebClient.csproj", "{88E9795E-41B4-409E-9058-E8CD55073D91}"
EndProject
Project("{9A19103F-16F7-4668-BE54-9A1E7A4F7556}") = "WebClient.Services", "WebClient.Services\WebClient.Services.csproj", "{C6F5824B-FC24-480C-B53C-662C17D46758}"
EndProject
Project("{FAE04EC0-301F-11D3-BF4B-00C04F79EFBC}") = "WebClient.Repositories", "WebClient.Repositories\WebClient.Repositories.csproj", "{002D9A1B-A31B-4979-B459-FEE9B2B0CB18}"
EndProject
Project("{FAE04EC0-301F-11D3-BF4B-00C04F79EFBC}") = "WebClient.Core", "WebClient.Core\WebClient.Core.csproj", "{BCBEF740-F823-4142-802F-A5C71644BAED}"
EndProject
Global
	GlobalSection(SolutionConfigurationPlatforms) = preSolution
		Debug|Any CPU = Debug|Any CPU
		Release|Any CPU = Release|Any CPU
	EndGlobalSection
	GlobalSection(ProjectConfigurationPlatforms) = postSolution
		{88E9795E-41B4-409E-9058-E8CD55073D91}.Debug|Any CPU.ActiveCfg = Debug|Any CPU
		{88E9795E-41B4-409E-9058-E8CD55073D91}.Debug|Any CPU.Build.0 = Debug|Any CPU
		{88E9795E-41B4-409E-9058-E8CD55073D91}.Release|Any CPU.ActiveCfg = Release|Any CPU
		{88E9795E-41B4-409E-9058-E8CD55073D91}.Release|Any CPU.Build.0 = Release|Any CPU
		{C6F5824B-FC24-480C-B53C-662C17D46758}.Debug|Any CPU.ActiveCfg = Debug|Any CPU
		{C6F5824B-FC24-480C-B53C-662C17D46758}.Debug|Any CPU.Build.0 = Debug|Any CPU
		{C6F5824B-FC24-480C-B53C-662C17D46758}.Release|Any CPU.ActiveCfg = Release|Any CPU
		{C6F5824B-FC24-480C-B53C-662C17D46758}.Release|Any CPU.Build.0 = Release|Any CPU
		{002D9A1B-A31B-4979-B459-FEE9B2B0CB18}.Debug|Any CPU.ActiveCfg = Debug|Any CPU
		{002D9A1B-A31B-4979-B459-FEE9B2B0CB18}.Debug|Any CPU.Build.0 = Debug|Any CPU
		{002D9A1B-A31B-4979-B459-FEE9B2B0CB18}.Release|Any CPU.ActiveCfg = Release|Any CPU
		{002D9A1B-A31B-4979-B459-FEE9B2B0CB18}.Release|Any CPU.Build.0 = Release|Any CPU
		{BCBEF740-F823-4142-802F-A5C71644BAED}.Debug|Any CPU.ActiveCfg = Debug|Any CPU
		{BCBEF740-F823-4142-802F-A5C71644BAED}.Debug|Any CPU.Build.0 = Debug|Any CPU
		{BCBEF740-F823-4142-802F-A5C71644BAED}.Release|Any CPU.ActiveCfg = Release|Any CPU
		{BCBEF740-F823-4142-802F-A5C71644BAED}.Release|Any CPU.Build.0 = Release|Any CPU
	EndGlobalSection
	GlobalSection(SolutionProperties) = preSolution
		HideSolutionNode = FALSE
	EndGlobalSection
	GlobalSection(ExtensibilityGlobals) = postSolution
		SolutionGuid = {EE13585E-A2F2-4EFE-90BE-A74DCB35AADE}
	EndGlobalSection
EndGlobal
