
Microsoft Visual Studio Solution File, Format Version 12.00
# Visual Studio 15
VisualStudioVersion = 15.0.28010.2050
MinimumVisualStudioVersion = 10.0.40219.1
Project("{9A19103F-16F7-4668-BE54-9A1E7A4F7556}") = "WebAPISYS", "WebAPISYS\WebAPISYS.csproj", "{BA855962-8883-48DF-A825-D40289BD67E9}"
EndProject
Project("{FAE04EC0-301F-11D3-BF4B-00C04F79EFBC}") = "WebAPISYS.Services", "WebAPISYS.Services\WebAPISYS.Services.csproj", "{778B26B7-435C-4CAD-94B5-6CD94A25057A}"
EndProject
Global
	GlobalSection(SolutionConfigurationPlatforms) = preSolution
		Debug|Any CPU = Debug|Any CPU
		Release|Any CPU = Release|Any CPU
	EndGlobalSection
	GlobalSection(ProjectConfigurationPlatforms) = postSolution
		{BA855962-8883-48DF-A825-D40289BD67E9}.Debug|Any CPU.ActiveCfg = Debug|Any CPU
		{BA855962-8883-48DF-A825-D40289BD67E9}.Debug|Any CPU.Build.0 = Debug|Any CPU
		{BA855962-8883-48DF-A825-D40289BD67E9}.Release|Any CPU.ActiveCfg = Release|Any CPU
		{BA855962-8883-48DF-A825-D40289BD67E9}.Release|Any CPU.Build.0 = Release|Any CPU
		{778B26B7-435C-4CAD-94B5-6CD94A25057A}.Debug|Any CPU.ActiveCfg = Debug|Any CPU
		{778B26B7-435C-4CAD-94B5-6CD94A25057A}.Debug|Any CPU.Build.0 = Debug|Any CPU
		{778B26B7-435C-4CAD-94B5-6CD94A25057A}.Release|Any CPU.ActiveCfg = Release|Any CPU
		{778B26B7-435C-4CAD-94B5-6CD94A25057A}.Release|Any CPU.Build.0 = Release|Any CPU
	EndGlobalSection
	GlobalSection(SolutionProperties) = preSolution
		HideSolutionNode = FALSE
	EndGlobalSection
	GlobalSection(ExtensibilityGlobals) = postSolution
		SolutionGuid = {6E29100A-5B94-41FA-A4B4-D309039DB10D}
	EndGlobalSection
EndGlobal
